
Microsoft Visual Studio Solution File, Format Version 12.00
# Visual Studio Version 17
VisualStudioVersion = 17.8.34525.116
MinimumVisualStudioVersion = 10.0.40219.1
Project("{9A19103F-16F7-4668-BE54-9A1E7A4F7556}") = "WebKurs", "WebKurs\WebKurs.csproj", "{63B273DA-D78F-4B08-8EB5-521E722F0A98}"
EndProject
Project("{2150E333-8FDC-42A3-9474-1A3956D46DE8}") = "domain", "domain", "{FB804EB8-17ED-4837-A901-987F806C845B}"
EndProject
Project("{2150E333-8FDC-42A3-9474-1A3956D46DE8}") = "infrastructure", "infrastructure", "{8A31FEBA-E44D-48D6-8866-BB70356EB162}"
EndProject
Project("{2150E333-8FDC-42A3-9474-1A3956D46DE8}") = "presentation", "presentation", "{7B57F38A-9434-47DA-B62E-5FB5F57A24DF}"
EndProject
Project("{9A19103F-16F7-4668-BE54-9A1E7A4F7556}") = "PIS.Memory", "PIS.Memory\PIS.Memory.csproj", "{AB369CE7-2854-470E-BC71-79D2600F1F62}"
EndProject
Project("{9A19103F-16F7-4668-BE54-9A1E7A4F7556}") = "PIS", "domain\PIS\PIS.csproj", "{C53920CC-0DED-41CC-B1A4-F3A08AA1B3B2}"
EndProject
Global
	GlobalSection(SolutionConfigurationPlatforms) = preSolution
		Debug|Any CPU = Debug|Any CPU
		Release|Any CPU = Release|Any CPU
	EndGlobalSection
	GlobalSection(ProjectConfigurationPlatforms) = postSolution
		{63B273DA-D78F-4B08-8EB5-521E722F0A98}.Debug|Any CPU.ActiveCfg = Debug|Any CPU
		{63B273DA-D78F-4B08-8EB5-521E722F0A98}.Debug|Any CPU.Build.0 = Debug|Any CPU
		{63B273DA-D78F-4B08-8EB5-521E722F0A98}.Release|Any CPU.ActiveCfg = Release|Any CPU
		{63B273DA-D78F-4B08-8EB5-521E722F0A98}.Release|Any CPU.Build.0 = Release|Any CPU
		{AB369CE7-2854-470E-BC71-79D2600F1F62}.Debug|Any CPU.ActiveCfg = Debug|Any CPU
		{AB369CE7-2854-470E-BC71-79D2600F1F62}.Debug|Any CPU.Build.0 = Debug|Any CPU
		{AB369CE7-2854-470E-BC71-79D2600F1F62}.Release|Any CPU.ActiveCfg = Release|Any CPU
		{AB369CE7-2854-470E-BC71-79D2600F1F62}.Release|Any CPU.Build.0 = Release|Any CPU
		{C53920CC-0DED-41CC-B1A4-F3A08AA1B3B2}.Debug|Any CPU.ActiveCfg = Debug|Any CPU
		{C53920CC-0DED-41CC-B1A4-F3A08AA1B3B2}.Debug|Any CPU.Build.0 = Debug|Any CPU
		{C53920CC-0DED-41CC-B1A4-F3A08AA1B3B2}.Release|Any CPU.ActiveCfg = Release|Any CPU
		{C53920CC-0DED-41CC-B1A4-F3A08AA1B3B2}.Release|Any CPU.Build.0 = Release|Any CPU
	EndGlobalSection
	GlobalSection(SolutionProperties) = preSolution
		HideSolutionNode = FALSE
	EndGlobalSection
	GlobalSection(NestedProjects) = preSolution
		{63B273DA-D78F-4B08-8EB5-521E722F0A98} = {7B57F38A-9434-47DA-B62E-5FB5F57A24DF}
		{AB369CE7-2854-470E-BC71-79D2600F1F62} = {8A31FEBA-E44D-48D6-8866-BB70356EB162}
		{C53920CC-0DED-41CC-B1A4-F3A08AA1B3B2} = {FB804EB8-17ED-4837-A901-987F806C845B}
	EndGlobalSection
	GlobalSection(ExtensibilityGlobals) = postSolution
		SolutionGuid = {3DED1D19-49AB-4053-974A-B6F09900BD70}
	EndGlobalSection
EndGlobal
